
Microsoft Visual Studio Solution File, Format Version 12.00
# Visual Studio Version 17
VisualStudioVersion = 17.2.32526.322
MinimumVisualStudioVersion = 10.0.40219.1
Project("{FAE04EC0-301F-11D3-BF4B-00C04F79EFBC}") = "breznovy projekt", "breznovy projekt\breznovy projekt.csproj", "{5BBE9532-D4A1-452C-AD9E-187E7DB28B64}"
EndProject
Global
	GlobalSection(SolutionConfigurationPlatforms) = preSolution
		Debug|Any CPU = Debug|Any CPU
		Release|Any CPU = Release|Any CPU
	EndGlobalSection
	GlobalSection(ProjectConfigurationPlatforms) = postSolution
		{5BBE9532-D4A1-452C-AD9E-187E7DB28B64}.Debug|Any CPU.ActiveCfg = Debug|Any CPU
		{5BBE9532-D4A1-452C-AD9E-187E7DB28B64}.Debug|Any CPU.Build.0 = Debug|Any CPU
		{5BBE9532-D4A1-452C-AD9E-187E7DB28B64}.Release|Any CPU.ActiveCfg = Release|Any CPU
		{5BBE9532-D4A1-452C-AD9E-187E7DB28B64}.Release|Any CPU.Build.0 = Release|Any CPU
	EndGlobalSection
	GlobalSection(SolutionProperties) = preSolution
		HideSolutionNode = FALSE
	EndGlobalSection
	GlobalSection(ExtensibilityGlobals) = postSolution
		SolutionGuid = {AF3BFF6D-D583-414F-BEA9-90220335B32C}
	EndGlobalSection
EndGlobal
